# This file was autogenerated by Stack.
# You should not edit this file by hand.
# For more information, please see the documentation at:
#   https://docs.haskellstack.org/en/stable/lock_files

packages:
- completed:
    hackage: dir-traverse-0.2.3.0@sha256:adcc128f201ff95131b15ffe41365dc99c50dc3fa3a910f021521dc734013bfa,2137
    pantry-tree:
      sha256: b19f0562746dfd0f8f21eccab6584592f55fb781ca3e043da9132cc23d8a5b99
      size: 389
  original:
    hackage: dir-traverse-0.2.3.0
snapshots:
- completed:
    sha256: 428ec8d5ce932190d3cbe266b9eb3c175cd81e984babf876b64019e2cbe4ea68
    size: 590100
    url: https://raw.githubusercontent.com/commercialhaskell/stackage-snapshots/master/lts/18/28.yaml
  original: lts-18.28
